
Microsoft Visual Studio Solution File, Format Version 12.00
# Visual Studio Version 17
VisualStudioVersion = 17.7.34221.43
MinimumVisualStudioVersion = 10.0.40219.1
Project("{2150E333-8FDC-42A3-9474-1A3956D46DE8}") = "Documentation", "Documentation", "{BD7F9F1B-F088-4C03-A79C-162FB32D797D}"
	ProjectSection(SolutionItems) = preProject
		Documentation\NewConfig.txt = Documentation\NewConfig.txt
		README.md = README.md
		Documentation\Roadmap2024.md = Documentation\Roadmap2024.md
		Documentation\ValuableLinks.txt = Documentation\ValuableLinks.txt
	EndProjectSection
EndProject
Project("{2150E333-8FDC-42A3-9474-1A3956D46DE8}") = "Core", "Core", "{FEC4584F-16BF-44AE-B4AE-96246985810C}"
EndProject
Project("{2150E333-8FDC-42A3-9474-1A3956D46DE8}") = "Runners", "Runners", "{59D59583-FCFF-4FA9-9226-8B606B28C89B}"
EndProject
Project("{9A19103F-16F7-4668-BE54-9A1E7A4F7556}") = "ALife.Core", "Core\ALife.Core\ALife.Core.csproj", "{229AA601-7769-4A81-85C4-9EB24CCF7428}"
EndProject
Project("{9A19103F-16F7-4668-BE54-9A1E7A4F7556}") = "ALife.Rendering", "Core\ALife.Rendering\ALife.Rendering.csproj", "{C1261458-E720-406D-841D-0211D6F417EF}"
EndProject
Project("{9A19103F-16F7-4668-BE54-9A1E7A4F7556}") = "ScenarioRunner", "Runners\ScenarioRunner\ScenarioRunner.csproj", "{59610BC6-C2D1-4CBD-AF69-9E7465A13AE2}"
EndProject
Project("{2150E333-8FDC-42A3-9474-1A3956D46DE8}") = "DocumentationArtifacts", "DocumentationArtifacts", "{42524CDE-3659-4A75-A8ED-75B33A1634AC}"
	ProjectSection(SolutionItems) = preProject
		Documentation\DocumentationArtifacts\Config.txt = Documentation\DocumentationArtifacts\Config.txt
		Documentation\DocumentationArtifacts\HighLevelFeatureScratchpad.txt = Documentation\DocumentationArtifacts\HighLevelFeatureScratchpad.txt
		Documentation\DocumentationArtifacts\Roadmap.md = Documentation\DocumentationArtifacts\Roadmap.md
	EndProjectSection
EndProject
Project("{2150E333-8FDC-42A3-9474-1A3956D46DE8}") = "Assets", "Assets", "{7074191D-6CE3-4680-B43C-69291EE25FD8}"
	ProjectSection(SolutionItems) = preProject
		Assets\ConsoleSplash.ico = Assets\ConsoleSplash.ico
		Assets\ConsoleSplash.png = Assets\ConsoleSplash.png
		Assets\GuiSplash.ico = Assets\GuiSplash.ico
		Assets\GuiSplash.png = Assets\GuiSplash.png
		Runners\UWP\ALifeUniv\PackageAssets\splashscreen.scale-200.png = Runners\UWP\ALifeUniv\PackageAssets\splashscreen.scale-200.png
	EndProjectSection
EndProject
Project("{FAE04EC0-301F-11D3-BF4B-00C04F79EFBC}") = "ALife.Tests", "Core\ALife.Tests\ALife.Tests.csproj", "{3F700D96-318C-44C4-9055-B1D4EC73373B}"
EndProject
Project("{2150E333-8FDC-42A3-9474-1A3956D46DE8}") = "Xperiments", "Xperiments", "{02EA681E-C7D8-13C7-8484-4AC65E1B71E8}"
EndProject
Project("{FAE04EC0-301F-11D3-BF4B-00C04F79EFBC}") = "RunningDots", "RunningDots\RunningDots.csproj", "{E53BF345-021A-45F5-9174-868CCFA21813}"
EndProject
Project("{2150E333-8FDC-42A3-9474-1A3956D46DE8}") = "Avalonia", "Avalonia", "{4B9C9E41-0915-4CFC-AC21-057CB3B3EF48}"
EndProject
Project("{2150E333-8FDC-42A3-9474-1A3956D46DE8}") = "SolutionItems", "SolutionItems", "{D56920F1-3620-4BE3-88A1-5E23D0207C5F}"
	ProjectSection(SolutionItems) = preProject
		.gitignore = .gitignore
	EndProjectSection
EndProject
Project("{FAE04EC0-301F-11D3-BF4B-00C04F79EFBC}") = "ALife.Avalonia", "Runners\Avalonia\ALife.Avalonia\ALife.Avalonia.csproj", "{5E127D5D-D2A7-4AAC-94B3-1F3DE585AFF9}"
EndProject
Project("{FAE04EC0-301F-11D3-BF4B-00C04F79EFBC}") = "ALife.Avalonia.Android", "Runners\Avalonia\ALife.Avalonia.Android\ALife.Avalonia.Android.csproj", "{54C68FF9-023F-4FBA-98EB-C3FAECE81303}"
EndProject
Project("{FAE04EC0-301F-11D3-BF4B-00C04F79EFBC}") = "ALife.Avalonia.Browser", "Runners\Avalonia\ALife.Avalonia.Browser\ALife.Avalonia.Browser.csproj", "{347A70E9-9D69-4E94-B25C-5D07A1B6129E}"
EndProject
Project("{FAE04EC0-301F-11D3-BF4B-00C04F79EFBC}") = "ALife.Avalonia.Desktop", "Runners\Avalonia\ALife.Avalonia.Desktop\ALife.Avalonia.Desktop.csproj", "{C6D0B9B5-B719-4D16-8A46-86291BEBDC73}"
EndProject
Project("{FAE04EC0-301F-11D3-BF4B-00C04F79EFBC}") = "ALife.Avalonia.iOS", "Runners\Avalonia\ALife.Avalonia.iOS\ALife.Avalonia.iOS.csproj", "{D0CF0EB3-4F7D-478F-8BF7-B82AFD705393}"
EndProject
Global
	GlobalSection(SolutionConfigurationPlatforms) = preSolution
		Debug|Any CPU = Debug|Any CPU
		Debug|ARM = Debug|ARM
		Debug|ARM64 = Debug|ARM64
		Debug|x64 = Debug|x64
		Debug|x86 = Debug|x86
		Release|Any CPU = Release|Any CPU
		Release|ARM = Release|ARM
		Release|ARM64 = Release|ARM64
		Release|x64 = Release|x64
		Release|x86 = Release|x86
	EndGlobalSection
	GlobalSection(ProjectConfigurationPlatforms) = postSolution
		{229AA601-7769-4A81-85C4-9EB24CCF7428}.Debug|Any CPU.ActiveCfg = Debug|Any CPU
		{229AA601-7769-4A81-85C4-9EB24CCF7428}.Debug|Any CPU.Build.0 = Debug|Any CPU
		{229AA601-7769-4A81-85C4-9EB24CCF7428}.Debug|ARM.ActiveCfg = Debug|Any CPU
		{229AA601-7769-4A81-85C4-9EB24CCF7428}.Debug|ARM.Build.0 = Debug|Any CPU
		{229AA601-7769-4A81-85C4-9EB24CCF7428}.Debug|ARM64.ActiveCfg = Debug|Any CPU
		{229AA601-7769-4A81-85C4-9EB24CCF7428}.Debug|ARM64.Build.0 = Debug|Any CPU
		{229AA601-7769-4A81-85C4-9EB24CCF7428}.Debug|x64.ActiveCfg = Debug|Any CPU
		{229AA601-7769-4A81-85C4-9EB24CCF7428}.Debug|x64.Build.0 = Debug|Any CPU
		{229AA601-7769-4A81-85C4-9EB24CCF7428}.Debug|x86.ActiveCfg = Debug|Any CPU
		{229AA601-7769-4A81-85C4-9EB24CCF7428}.Debug|x86.Build.0 = Debug|Any CPU
		{229AA601-7769-4A81-85C4-9EB24CCF7428}.Release|Any CPU.ActiveCfg = Release|Any CPU
		{229AA601-7769-4A81-85C4-9EB24CCF7428}.Release|Any CPU.Build.0 = Release|Any CPU
		{229AA601-7769-4A81-85C4-9EB24CCF7428}.Release|ARM.ActiveCfg = Release|Any CPU
		{229AA601-7769-4A81-85C4-9EB24CCF7428}.Release|ARM.Build.0 = Release|Any CPU
		{229AA601-7769-4A81-85C4-9EB24CCF7428}.Release|ARM64.ActiveCfg = Release|Any CPU
		{229AA601-7769-4A81-85C4-9EB24CCF7428}.Release|ARM64.Build.0 = Release|Any CPU
		{229AA601-7769-4A81-85C4-9EB24CCF7428}.Release|x64.ActiveCfg = Release|Any CPU
		{229AA601-7769-4A81-85C4-9EB24CCF7428}.Release|x64.Build.0 = Release|Any CPU
		{229AA601-7769-4A81-85C4-9EB24CCF7428}.Release|x86.ActiveCfg = Release|Any CPU
		{229AA601-7769-4A81-85C4-9EB24CCF7428}.Release|x86.Build.0 = Release|Any CPU
		{C1261458-E720-406D-841D-0211D6F417EF}.Debug|Any CPU.ActiveCfg = Debug|Any CPU
		{C1261458-E720-406D-841D-0211D6F417EF}.Debug|Any CPU.Build.0 = Debug|Any CPU
		{C1261458-E720-406D-841D-0211D6F417EF}.Debug|ARM.ActiveCfg = Debug|Any CPU
		{C1261458-E720-406D-841D-0211D6F417EF}.Debug|ARM.Build.0 = Debug|Any CPU
		{C1261458-E720-406D-841D-0211D6F417EF}.Debug|ARM64.ActiveCfg = Debug|Any CPU
		{C1261458-E720-406D-841D-0211D6F417EF}.Debug|ARM64.Build.0 = Debug|Any CPU
		{C1261458-E720-406D-841D-0211D6F417EF}.Debug|x64.ActiveCfg = Debug|Any CPU
		{C1261458-E720-406D-841D-0211D6F417EF}.Debug|x64.Build.0 = Debug|Any CPU
		{C1261458-E720-406D-841D-0211D6F417EF}.Debug|x86.ActiveCfg = Debug|Any CPU
		{C1261458-E720-406D-841D-0211D6F417EF}.Debug|x86.Build.0 = Debug|Any CPU
		{C1261458-E720-406D-841D-0211D6F417EF}.Release|Any CPU.ActiveCfg = Release|Any CPU
		{C1261458-E720-406D-841D-0211D6F417EF}.Release|Any CPU.Build.0 = Release|Any CPU
		{C1261458-E720-406D-841D-0211D6F417EF}.Release|ARM.ActiveCfg = Release|Any CPU
		{C1261458-E720-406D-841D-0211D6F417EF}.Release|ARM.Build.0 = Release|Any CPU
		{C1261458-E720-406D-841D-0211D6F417EF}.Release|ARM64.ActiveCfg = Release|Any CPU
		{C1261458-E720-406D-841D-0211D6F417EF}.Release|ARM64.Build.0 = Release|Any CPU
		{C1261458-E720-406D-841D-0211D6F417EF}.Release|x64.ActiveCfg = Release|Any CPU
		{C1261458-E720-406D-841D-0211D6F417EF}.Release|x64.Build.0 = Release|Any CPU
		{C1261458-E720-406D-841D-0211D6F417EF}.Release|x86.ActiveCfg = Release|Any CPU
		{C1261458-E720-406D-841D-0211D6F417EF}.Release|x86.Build.0 = Release|Any CPU
		{59610BC6-C2D1-4CBD-AF69-9E7465A13AE2}.Debug|Any CPU.ActiveCfg = Debug|Any CPU
		{59610BC6-C2D1-4CBD-AF69-9E7465A13AE2}.Debug|Any CPU.Build.0 = Debug|Any CPU
		{59610BC6-C2D1-4CBD-AF69-9E7465A13AE2}.Debug|ARM.ActiveCfg = Debug|Any CPU
		{59610BC6-C2D1-4CBD-AF69-9E7465A13AE2}.Debug|ARM.Build.0 = Debug|Any CPU
		{59610BC6-C2D1-4CBD-AF69-9E7465A13AE2}.Debug|ARM64.ActiveCfg = Debug|Any CPU
		{59610BC6-C2D1-4CBD-AF69-9E7465A13AE2}.Debug|ARM64.Build.0 = Debug|Any CPU
		{59610BC6-C2D1-4CBD-AF69-9E7465A13AE2}.Debug|x64.ActiveCfg = Debug|Any CPU
		{59610BC6-C2D1-4CBD-AF69-9E7465A13AE2}.Debug|x64.Build.0 = Debug|Any CPU
		{59610BC6-C2D1-4CBD-AF69-9E7465A13AE2}.Debug|x86.ActiveCfg = Debug|Any CPU
		{59610BC6-C2D1-4CBD-AF69-9E7465A13AE2}.Debug|x86.Build.0 = Debug|Any CPU
		{59610BC6-C2D1-4CBD-AF69-9E7465A13AE2}.Release|Any CPU.ActiveCfg = Release|Any CPU
		{59610BC6-C2D1-4CBD-AF69-9E7465A13AE2}.Release|Any CPU.Build.0 = Release|Any CPU
		{59610BC6-C2D1-4CBD-AF69-9E7465A13AE2}.Release|ARM.ActiveCfg = Release|Any CPU
		{59610BC6-C2D1-4CBD-AF69-9E7465A13AE2}.Release|ARM.Build.0 = Release|Any CPU
		{59610BC6-C2D1-4CBD-AF69-9E7465A13AE2}.Release|ARM64.ActiveCfg = Release|Any CPU
		{59610BC6-C2D1-4CBD-AF69-9E7465A13AE2}.Release|ARM64.Build.0 = Release|Any CPU
		{59610BC6-C2D1-4CBD-AF69-9E7465A13AE2}.Release|x64.ActiveCfg = Release|Any CPU
		{59610BC6-C2D1-4CBD-AF69-9E7465A13AE2}.Release|x64.Build.0 = Release|Any CPU
		{59610BC6-C2D1-4CBD-AF69-9E7465A13AE2}.Release|x86.ActiveCfg = Release|Any CPU
		{59610BC6-C2D1-4CBD-AF69-9E7465A13AE2}.Release|x86.Build.0 = Release|Any CPU
		{3F700D96-318C-44C4-9055-B1D4EC73373B}.Debug|Any CPU.ActiveCfg = Debug|Any CPU
		{3F700D96-318C-44C4-9055-B1D4EC73373B}.Debug|Any CPU.Build.0 = Debug|Any CPU
		{3F700D96-318C-44C4-9055-B1D4EC73373B}.Debug|ARM.ActiveCfg = Debug|Any CPU
		{3F700D96-318C-44C4-9055-B1D4EC73373B}.Debug|ARM.Build.0 = Debug|Any CPU
		{3F700D96-318C-44C4-9055-B1D4EC73373B}.Debug|ARM64.ActiveCfg = Debug|Any CPU
		{3F700D96-318C-44C4-9055-B1D4EC73373B}.Debug|ARM64.Build.0 = Debug|Any CPU
		{3F700D96-318C-44C4-9055-B1D4EC73373B}.Debug|x64.ActiveCfg = Debug|Any CPU
		{3F700D96-318C-44C4-9055-B1D4EC73373B}.Debug|x64.Build.0 = Debug|Any CPU
		{3F700D96-318C-44C4-9055-B1D4EC73373B}.Debug|x86.ActiveCfg = Debug|Any CPU
		{3F700D96-318C-44C4-9055-B1D4EC73373B}.Debug|x86.Build.0 = Debug|Any CPU
		{3F700D96-318C-44C4-9055-B1D4EC73373B}.Release|Any CPU.ActiveCfg = Release|Any CPU
		{3F700D96-318C-44C4-9055-B1D4EC73373B}.Release|Any CPU.Build.0 = Release|Any CPU
		{3F700D96-318C-44C4-9055-B1D4EC73373B}.Release|ARM.ActiveCfg = Release|Any CPU
		{3F700D96-318C-44C4-9055-B1D4EC73373B}.Release|ARM.Build.0 = Release|Any CPU
		{3F700D96-318C-44C4-9055-B1D4EC73373B}.Release|ARM64.ActiveCfg = Release|Any CPU
		{3F700D96-318C-44C4-9055-B1D4EC73373B}.Release|ARM64.Build.0 = Release|Any CPU
		{3F700D96-318C-44C4-9055-B1D4EC73373B}.Release|x64.ActiveCfg = Release|Any CPU
		{3F700D96-318C-44C4-9055-B1D4EC73373B}.Release|x64.Build.0 = Release|Any CPU
		{3F700D96-318C-44C4-9055-B1D4EC73373B}.Release|x86.ActiveCfg = Release|Any CPU
		{3F700D96-318C-44C4-9055-B1D4EC73373B}.Release|x86.Build.0 = Release|Any CPU
		{E53BF345-021A-45F5-9174-868CCFA21813}.Debug|Any CPU.ActiveCfg = Debug|Any CPU
		{E53BF345-021A-45F5-9174-868CCFA21813}.Debug|Any CPU.Build.0 = Debug|Any CPU
		{E53BF345-021A-45F5-9174-868CCFA21813}.Debug|ARM.ActiveCfg = Debug|Any CPU
		{E53BF345-021A-45F5-9174-868CCFA21813}.Debug|ARM.Build.0 = Debug|Any CPU
		{E53BF345-021A-45F5-9174-868CCFA21813}.Debug|ARM64.ActiveCfg = Debug|Any CPU
		{E53BF345-021A-45F5-9174-868CCFA21813}.Debug|ARM64.Build.0 = Debug|Any CPU
		{E53BF345-021A-45F5-9174-868CCFA21813}.Debug|x64.ActiveCfg = Debug|x64
		{E53BF345-021A-45F5-9174-868CCFA21813}.Debug|x64.Build.0 = Debug|x64
		{E53BF345-021A-45F5-9174-868CCFA21813}.Debug|x86.ActiveCfg = Debug|Any CPU
		{E53BF345-021A-45F5-9174-868CCFA21813}.Debug|x86.Build.0 = Debug|Any CPU
		{E53BF345-021A-45F5-9174-868CCFA21813}.Release|Any CPU.ActiveCfg = Release|Any CPU
		{E53BF345-021A-45F5-9174-868CCFA21813}.Release|Any CPU.Build.0 = Release|Any CPU
		{E53BF345-021A-45F5-9174-868CCFA21813}.Release|ARM.ActiveCfg = Release|Any CPU
		{E53BF345-021A-45F5-9174-868CCFA21813}.Release|ARM.Build.0 = Release|Any CPU
		{E53BF345-021A-45F5-9174-868CCFA21813}.Release|ARM64.ActiveCfg = Release|Any CPU
		{E53BF345-021A-45F5-9174-868CCFA21813}.Release|ARM64.Build.0 = Release|Any CPU
		{E53BF345-021A-45F5-9174-868CCFA21813}.Release|x64.ActiveCfg = Release|Any CPU
		{E53BF345-021A-45F5-9174-868CCFA21813}.Release|x64.Build.0 = Release|Any CPU
		{E53BF345-021A-45F5-9174-868CCFA21813}.Release|x86.ActiveCfg = Release|Any CPU
		{E53BF345-021A-45F5-9174-868CCFA21813}.Release|x86.Build.0 = Release|Any CPU
		{5E127D5D-D2A7-4AAC-94B3-1F3DE585AFF9}.Debug|Any CPU.ActiveCfg = Debug|Any CPU
		{5E127D5D-D2A7-4AAC-94B3-1F3DE585AFF9}.Debug|Any CPU.Build.0 = Debug|Any CPU
		{5E127D5D-D2A7-4AAC-94B3-1F3DE585AFF9}.Debug|ARM.ActiveCfg = Debug|Any CPU
		{5E127D5D-D2A7-4AAC-94B3-1F3DE585AFF9}.Debug|ARM.Build.0 = Debug|Any CPU
		{5E127D5D-D2A7-4AAC-94B3-1F3DE585AFF9}.Debug|ARM64.ActiveCfg = Debug|Any CPU
		{5E127D5D-D2A7-4AAC-94B3-1F3DE585AFF9}.Debug|ARM64.Build.0 = Debug|Any CPU
		{5E127D5D-D2A7-4AAC-94B3-1F3DE585AFF9}.Debug|x64.ActiveCfg = Debug|Any CPU
		{5E127D5D-D2A7-4AAC-94B3-1F3DE585AFF9}.Debug|x64.Build.0 = Debug|Any CPU
		{5E127D5D-D2A7-4AAC-94B3-1F3DE585AFF9}.Debug|x86.ActiveCfg = Debug|Any CPU
		{5E127D5D-D2A7-4AAC-94B3-1F3DE585AFF9}.Debug|x86.Build.0 = Debug|Any CPU
		{5E127D5D-D2A7-4AAC-94B3-1F3DE585AFF9}.Release|Any CPU.ActiveCfg = Release|Any CPU
		{5E127D5D-D2A7-4AAC-94B3-1F3DE585AFF9}.Release|Any CPU.Build.0 = Release|Any CPU
		{5E127D5D-D2A7-4AAC-94B3-1F3DE585AFF9}.Release|ARM.ActiveCfg = Release|Any CPU
		{5E127D5D-D2A7-4AAC-94B3-1F3DE585AFF9}.Release|ARM.Build.0 = Release|Any CPU
		{5E127D5D-D2A7-4AAC-94B3-1F3DE585AFF9}.Release|ARM64.ActiveCfg = Release|Any CPU
		{5E127D5D-D2A7-4AAC-94B3-1F3DE585AFF9}.Release|ARM64.Build.0 = Release|Any CPU
		{5E127D5D-D2A7-4AAC-94B3-1F3DE585AFF9}.Release|x64.ActiveCfg = Release|Any CPU
		{5E127D5D-D2A7-4AAC-94B3-1F3DE585AFF9}.Release|x64.Build.0 = Release|Any CPU
		{5E127D5D-D2A7-4AAC-94B3-1F3DE585AFF9}.Release|x86.ActiveCfg = Release|Any CPU
		{5E127D5D-D2A7-4AAC-94B3-1F3DE585AFF9}.Release|x86.Build.0 = Release|Any CPU
		{54C68FF9-023F-4FBA-98EB-C3FAECE81303}.Debug|Any CPU.ActiveCfg = Debug|Any CPU
		{54C68FF9-023F-4FBA-98EB-C3FAECE81303}.Debug|Any CPU.Build.0 = Debug|Any CPU
		{54C68FF9-023F-4FBA-98EB-C3FAECE81303}.Debug|ARM.ActiveCfg = Debug|Any CPU
		{54C68FF9-023F-4FBA-98EB-C3FAECE81303}.Debug|ARM.Build.0 = Debug|Any CPU
		{54C68FF9-023F-4FBA-98EB-C3FAECE81303}.Debug|ARM64.ActiveCfg = Debug|Any CPU
		{54C68FF9-023F-4FBA-98EB-C3FAECE81303}.Debug|ARM64.Build.0 = Debug|Any CPU
		{54C68FF9-023F-4FBA-98EB-C3FAECE81303}.Debug|x64.ActiveCfg = Debug|Any CPU
		{54C68FF9-023F-4FBA-98EB-C3FAECE81303}.Debug|x64.Build.0 = Debug|Any CPU
		{54C68FF9-023F-4FBA-98EB-C3FAECE81303}.Debug|x86.ActiveCfg = Debug|Any CPU
		{54C68FF9-023F-4FBA-98EB-C3FAECE81303}.Debug|x86.Build.0 = Debug|Any CPU
		{54C68FF9-023F-4FBA-98EB-C3FAECE81303}.Release|Any CPU.ActiveCfg = Release|Any CPU
		{54C68FF9-023F-4FBA-98EB-C3FAECE81303}.Release|Any CPU.Build.0 = Release|Any CPU
		{54C68FF9-023F-4FBA-98EB-C3FAECE81303}.Release|ARM.ActiveCfg = Release|Any CPU
		{54C68FF9-023F-4FBA-98EB-C3FAECE81303}.Release|ARM.Build.0 = Release|Any CPU
		{54C68FF9-023F-4FBA-98EB-C3FAECE81303}.Release|ARM64.ActiveCfg = Release|Any CPU
		{54C68FF9-023F-4FBA-98EB-C3FAECE81303}.Release|ARM64.Build.0 = Release|Any CPU
		{54C68FF9-023F-4FBA-98EB-C3FAECE81303}.Release|x64.ActiveCfg = Release|Any CPU
		{54C68FF9-023F-4FBA-98EB-C3FAECE81303}.Release|x64.Build.0 = Release|Any CPU
		{54C68FF9-023F-4FBA-98EB-C3FAECE81303}.Release|x86.ActiveCfg = Release|Any CPU
		{54C68FF9-023F-4FBA-98EB-C3FAECE81303}.Release|x86.Build.0 = Release|Any CPU
		{347A70E9-9D69-4E94-B25C-5D07A1B6129E}.Debug|Any CPU.ActiveCfg = Debug|Any CPU
		{347A70E9-9D69-4E94-B25C-5D07A1B6129E}.Debug|Any CPU.Build.0 = Debug|Any CPU
		{347A70E9-9D69-4E94-B25C-5D07A1B6129E}.Debug|ARM.ActiveCfg = Debug|Any CPU
		{347A70E9-9D69-4E94-B25C-5D07A1B6129E}.Debug|ARM.Build.0 = Debug|Any CPU
		{347A70E9-9D69-4E94-B25C-5D07A1B6129E}.Debug|ARM64.ActiveCfg = Debug|Any CPU
		{347A70E9-9D69-4E94-B25C-5D07A1B6129E}.Debug|ARM64.Build.0 = Debug|Any CPU
		{347A70E9-9D69-4E94-B25C-5D07A1B6129E}.Debug|x64.ActiveCfg = Debug|Any CPU
		{347A70E9-9D69-4E94-B25C-5D07A1B6129E}.Debug|x64.Build.0 = Debug|Any CPU
		{347A70E9-9D69-4E94-B25C-5D07A1B6129E}.Debug|x86.ActiveCfg = Debug|Any CPU
		{347A70E9-9D69-4E94-B25C-5D07A1B6129E}.Debug|x86.Build.0 = Debug|Any CPU
		{347A70E9-9D69-4E94-B25C-5D07A1B6129E}.Release|Any CPU.ActiveCfg = Release|Any CPU
		{347A70E9-9D69-4E94-B25C-5D07A1B6129E}.Release|Any CPU.Build.0 = Release|Any CPU
		{347A70E9-9D69-4E94-B25C-5D07A1B6129E}.Release|ARM.ActiveCfg = Release|Any CPU
		{347A70E9-9D69-4E94-B25C-5D07A1B6129E}.Release|ARM.Build.0 = Release|Any CPU
		{347A70E9-9D69-4E94-B25C-5D07A1B6129E}.Release|ARM64.ActiveCfg = Release|Any CPU
		{347A70E9-9D69-4E94-B25C-5D07A1B6129E}.Release|ARM64.Build.0 = Release|Any CPU
		{347A70E9-9D69-4E94-B25C-5D07A1B6129E}.Release|x64.ActiveCfg = Release|Any CPU
		{347A70E9-9D69-4E94-B25C-5D07A1B6129E}.Release|x64.Build.0 = Release|Any CPU
		{347A70E9-9D69-4E94-B25C-5D07A1B6129E}.Release|x86.ActiveCfg = Release|Any CPU
		{347A70E9-9D69-4E94-B25C-5D07A1B6129E}.Release|x86.Build.0 = Release|Any CPU
		{C6D0B9B5-B719-4D16-8A46-86291BEBDC73}.Debug|Any CPU.ActiveCfg = Debug|Any CPU
		{C6D0B9B5-B719-4D16-8A46-86291BEBDC73}.Debug|Any CPU.Build.0 = Debug|Any CPU
		{C6D0B9B5-B719-4D16-8A46-86291BEBDC73}.Debug|ARM.ActiveCfg = Debug|Any CPU
		{C6D0B9B5-B719-4D16-8A46-86291BEBDC73}.Debug|ARM.Build.0 = Debug|Any CPU
		{C6D0B9B5-B719-4D16-8A46-86291BEBDC73}.Debug|ARM64.ActiveCfg = Debug|Any CPU
		{C6D0B9B5-B719-4D16-8A46-86291BEBDC73}.Debug|ARM64.Build.0 = Debug|Any CPU
		{C6D0B9B5-B719-4D16-8A46-86291BEBDC73}.Debug|x64.ActiveCfg = Debug|Any CPU
		{C6D0B9B5-B719-4D16-8A46-86291BEBDC73}.Debug|x64.Build.0 = Debug|Any CPU
		{C6D0B9B5-B719-4D16-8A46-86291BEBDC73}.Debug|x86.ActiveCfg = Debug|Any CPU
		{C6D0B9B5-B719-4D16-8A46-86291BEBDC73}.Debug|x86.Build.0 = Debug|Any CPU
		{C6D0B9B5-B719-4D16-8A46-86291BEBDC73}.Release|Any CPU.ActiveCfg = Release|Any CPU
		{C6D0B9B5-B719-4D16-8A46-86291BEBDC73}.Release|Any CPU.Build.0 = Release|Any CPU
		{C6D0B9B5-B719-4D16-8A46-86291BEBDC73}.Release|ARM.ActiveCfg = Release|Any CPU
		{C6D0B9B5-B719-4D16-8A46-86291BEBDC73}.Release|ARM.Build.0 = Release|Any CPU
		{C6D0B9B5-B719-4D16-8A46-86291BEBDC73}.Release|ARM64.ActiveCfg = Release|Any CPU
		{C6D0B9B5-B719-4D16-8A46-86291BEBDC73}.Release|ARM64.Build.0 = Release|Any CPU
		{C6D0B9B5-B719-4D16-8A46-86291BEBDC73}.Release|x64.ActiveCfg = Release|Any CPU
		{C6D0B9B5-B719-4D16-8A46-86291BEBDC73}.Release|x64.Build.0 = Release|Any CPU
		{C6D0B9B5-B719-4D16-8A46-86291BEBDC73}.Release|x86.ActiveCfg = Release|Any CPU
		{C6D0B9B5-B719-4D16-8A46-86291BEBDC73}.Release|x86.Build.0 = Release|Any CPU
		{D0CF0EB3-4F7D-478F-8BF7-B82AFD705393}.Debug|Any CPU.ActiveCfg = Debug|Any CPU
		{D0CF0EB3-4F7D-478F-8BF7-B82AFD705393}.Debug|Any CPU.Build.0 = Debug|Any CPU
		{D0CF0EB3-4F7D-478F-8BF7-B82AFD705393}.Debug|ARM.ActiveCfg = Debug|Any CPU
		{D0CF0EB3-4F7D-478F-8BF7-B82AFD705393}.Debug|ARM.Build.0 = Debug|Any CPU
		{D0CF0EB3-4F7D-478F-8BF7-B82AFD705393}.Debug|ARM64.ActiveCfg = Debug|Any CPU
		{D0CF0EB3-4F7D-478F-8BF7-B82AFD705393}.Debug|ARM64.Build.0 = Debug|Any CPU
		{D0CF0EB3-4F7D-478F-8BF7-B82AFD705393}.Debug|x64.ActiveCfg = Debug|Any CPU
		{D0CF0EB3-4F7D-478F-8BF7-B82AFD705393}.Debug|x64.Build.0 = Debug|Any CPU
		{D0CF0EB3-4F7D-478F-8BF7-B82AFD705393}.Debug|x86.ActiveCfg = Debug|Any CPU
		{D0CF0EB3-4F7D-478F-8BF7-B82AFD705393}.Debug|x86.Build.0 = Debug|Any CPU
		{D0CF0EB3-4F7D-478F-8BF7-B82AFD705393}.Release|Any CPU.ActiveCfg = Release|Any CPU
		{D0CF0EB3-4F7D-478F-8BF7-B82AFD705393}.Release|Any CPU.Build.0 = Release|Any CPU
		{D0CF0EB3-4F7D-478F-8BF7-B82AFD705393}.Release|ARM.ActiveCfg = Release|Any CPU
		{D0CF0EB3-4F7D-478F-8BF7-B82AFD705393}.Release|ARM.Build.0 = Release|Any CPU
		{D0CF0EB3-4F7D-478F-8BF7-B82AFD705393}.Release|ARM64.ActiveCfg = Release|Any CPU
		{D0CF0EB3-4F7D-478F-8BF7-B82AFD705393}.Release|ARM64.Build.0 = Release|Any CPU
		{D0CF0EB3-4F7D-478F-8BF7-B82AFD705393}.Release|x64.ActiveCfg = Release|Any CPU
		{D0CF0EB3-4F7D-478F-8BF7-B82AFD705393}.Release|x64.Build.0 = Release|Any CPU
		{D0CF0EB3-4F7D-478F-8BF7-B82AFD705393}.Release|x86.ActiveCfg = Release|Any CPU
		{D0CF0EB3-4F7D-478F-8BF7-B82AFD705393}.Release|x86.Build.0 = Release|Any CPU
	EndGlobalSection
	GlobalSection(SolutionProperties) = preSolution
		HideSolutionNode = FALSE
	EndGlobalSection
	GlobalSection(NestedProjects) = preSolution
		{229AA601-7769-4A81-85C4-9EB24CCF7428} = {FEC4584F-16BF-44AE-B4AE-96246985810C}
		{C1261458-E720-406D-841D-0211D6F417EF} = {FEC4584F-16BF-44AE-B4AE-96246985810C}
		{59610BC6-C2D1-4CBD-AF69-9E7465A13AE2} = {59D59583-FCFF-4FA9-9226-8B606B28C89B}
		{42524CDE-3659-4A75-A8ED-75B33A1634AC} = {BD7F9F1B-F088-4C03-A79C-162FB32D797D}
		{3F700D96-318C-44C4-9055-B1D4EC73373B} = {FEC4584F-16BF-44AE-B4AE-96246985810C}
		{E53BF345-021A-45F5-9174-868CCFA21813} = {02EA681E-C7D8-13C7-8484-4AC65E1B71E8}
		{4B9C9E41-0915-4CFC-AC21-057CB3B3EF48} = {59D59583-FCFF-4FA9-9226-8B606B28C89B}
		{5E127D5D-D2A7-4AAC-94B3-1F3DE585AFF9} = {4B9C9E41-0915-4CFC-AC21-057CB3B3EF48}
		{54C68FF9-023F-4FBA-98EB-C3FAECE81303} = {4B9C9E41-0915-4CFC-AC21-057CB3B3EF48}
		{347A70E9-9D69-4E94-B25C-5D07A1B6129E} = {4B9C9E41-0915-4CFC-AC21-057CB3B3EF48}
		{C6D0B9B5-B719-4D16-8A46-86291BEBDC73} = {4B9C9E41-0915-4CFC-AC21-057CB3B3EF48}
		{D0CF0EB3-4F7D-478F-8BF7-B82AFD705393} = {4B9C9E41-0915-4CFC-AC21-057CB3B3EF48}
	EndGlobalSection
	GlobalSection(ExtensibilityGlobals) = postSolution
		SolutionGuid = {B3CABACB-F99A-4AE3-8EDE-95035D8156F0}
	EndGlobalSection
EndGlobal
