
Microsoft Visual Studio Solution File, Format Version 12.00
# Visual Studio Version 17
VisualStudioVersion = 17.7.34221.43
MinimumVisualStudioVersion = 10.0.40219.1
Project("{2150E333-8FDC-42A3-9474-1A3956D46DE8}") = "Documentation", "Documentation", "{BD7F9F1B-F088-4C03-A79C-162FB32D797D}"
	ProjectSection(SolutionItems) = preProject
		NewConfig.txt = NewConfig.txt
		README.md = README.md
		Roadmap2024.md = Roadmap2024.md
		ValuableLinks.txt = ValuableLinks.txt
	EndProjectSection
EndProject
Project("{2150E333-8FDC-42A3-9474-1A3956D46DE8}") = "Core", "Core", "{FEC4584F-16BF-44AE-B4AE-96246985810C}"
EndProject
Project("{2150E333-8FDC-42A3-9474-1A3956D46DE8}") = "Runners", "Runners", "{59D59583-FCFF-4FA9-9226-8B606B28C89B}"
EndProject
Project("{2150E333-8FDC-42A3-9474-1A3956D46DE8}") = "Avalonia", "Avalonia", "{B5BDDA10-9A94-44A0-A13B-D374B556092A}"
EndProject
Project("{9A19103F-16F7-4668-BE54-9A1E7A4F7556}") = "ALife.Core", "Core\ALife.Core\ALife.Core.csproj", "{229AA601-7769-4A81-85C4-9EB24CCF7428}"
EndProject
Project("{9A19103F-16F7-4668-BE54-9A1E7A4F7556}") = "ALife.Rendering", "Core\ALife.Rendering\ALife.Rendering.csproj", "{C1261458-E720-406D-841D-0211D6F417EF}"
EndProject
Project("{9A19103F-16F7-4668-BE54-9A1E7A4F7556}") = "ALife.Tests", "Core\ALife.Tests\ALife.Tests.csproj", "{DA874AF1-E64D-4EAA-8FD4-3EC46B537169}"
EndProject
Project("{9A19103F-16F7-4668-BE54-9A1E7A4F7556}") = "ScenarioRunner", "Runners\ScenarioRunner\ScenarioRunner.csproj", "{59610BC6-C2D1-4CBD-AF69-9E7465A13AE2}"
EndProject
Project("{9A19103F-16F7-4668-BE54-9A1E7A4F7556}") = "ALife.Avalonia", "Runners\Avalonia\ALife.Avalonia\ALife.Avalonia.csproj", "{10D6D632-EB89-46A7-A0E3-D57C939E9F86}"
EndProject
Project("{9A19103F-16F7-4668-BE54-9A1E7A4F7556}") = "ALife.Avalonia.Desktop", "Runners\Avalonia\ALife.Avalonia.Desktop\ALife.Avalonia.Desktop.csproj", "{B8553EA0-F0BC-45D9-ABF1-69D31EEA4861}"
EndProject
Project("{2150E333-8FDC-42A3-9474-1A3956D46DE8}") = "DocumentationArtifacts", "DocumentationArtifacts", "{42524CDE-3659-4A75-A8ED-75B33A1634AC}"
EndProject
Project("{2150E333-8FDC-42A3-9474-1A3956D46DE8}") = "UWP", "UWP", "{F406F55A-36E1-4E25-9A3F-9CC6358F0625}"
EndProject
Project("{FAE04EC0-301F-11D3-BF4B-00C04F79EFBC}") = "ALifeUniv", "Runners\UWP\ALifeUniv\ALifeUniv.csproj", "{755B3EA2-F7AA-4756-BB87-7F4E5CE6E91F}"
EndProject
Project("{FAE04EC0-301F-11D3-BF4B-00C04F79EFBC}") = "ScenarioRunner", "Runners\UWP\ScenarioRunner\ScenarioRunner.csproj", "{00A91FB4-A5F7-47CC-B933-7E6DC8302265}"
EndProject
Project("{2150E333-8FDC-42A3-9474-1A3956D46DE8}") = "Core.V2", "Core.V2", "{3C331CB3-DA12-4E78-9280-38F872ED64C2}"
EndProject
Project("{2150E333-8FDC-42A3-9474-1A3956D46DE8}") = "Runners.V2", "Runners.V2", "{274E17F3-87FE-49C7-BB25-E577CF0E76AC}"
EndProject
Project("{9A19103F-16F7-4668-BE54-9A1E7A4F7556}") = "ALife.Core.V2", "Core.V2\ALife.Core.V2\ALife.Core.V2.csproj", "{44DC368A-110A-4E7F-A81C-39EF36B3286D}"
EndProject
Project("{2150E333-8FDC-42A3-9474-1A3956D46DE8}") = "Console", "Console", "{39EE7720-EBAA-46D4-8379-BC32ECC069E1}"
EndProject
Project("{9A19103F-16F7-4668-BE54-9A1E7A4F7556}") = "SeedFinder", "Runners.V2\Console\SeedFinder\SeedFinder.csproj", "{DE1DCCC9-07FE-4041-9227-AA974200B303}"
EndProject
Project("{9A19103F-16F7-4668-BE54-9A1E7A4F7556}") = "ALife.Scenarios", "Core.V2\ALife.Scenarios\ALife.Scenarios.csproj", "{3F76DCC5-F175-46D6-A936-F439BF6F8D7C}"
EndProject
Project("{FAE04EC0-301F-11D3-BF4B-00C04F79EFBC}") = "ALife.Tests", "Core.v2\ALife.Tests\ALife.Tests.csproj", "{770F3872-C3A2-4E5D-AAFB-C0379E1BF8BF}"
EndProject
Global
	GlobalSection(SolutionConfigurationPlatforms) = preSolution
		Debug|Any CPU = Debug|Any CPU
		Debug|ARM = Debug|ARM
		Debug|ARM64 = Debug|ARM64
		Debug|x64 = Debug|x64
		Debug|x86 = Debug|x86
		Release|Any CPU = Release|Any CPU
		Release|ARM = Release|ARM
		Release|ARM64 = Release|ARM64
		Release|x64 = Release|x64
		Release|x86 = Release|x86
	EndGlobalSection
	GlobalSection(ProjectConfigurationPlatforms) = postSolution
		{229AA601-7769-4A81-85C4-9EB24CCF7428}.Debug|Any CPU.ActiveCfg = Debug|Any CPU
		{229AA601-7769-4A81-85C4-9EB24CCF7428}.Debug|Any CPU.Build.0 = Debug|Any CPU
		{229AA601-7769-4A81-85C4-9EB24CCF7428}.Debug|ARM.ActiveCfg = Debug|Any CPU
		{229AA601-7769-4A81-85C4-9EB24CCF7428}.Debug|ARM.Build.0 = Debug|Any CPU
		{229AA601-7769-4A81-85C4-9EB24CCF7428}.Debug|ARM64.ActiveCfg = Debug|Any CPU
		{229AA601-7769-4A81-85C4-9EB24CCF7428}.Debug|ARM64.Build.0 = Debug|Any CPU
		{229AA601-7769-4A81-85C4-9EB24CCF7428}.Debug|x64.ActiveCfg = Debug|Any CPU
		{229AA601-7769-4A81-85C4-9EB24CCF7428}.Debug|x64.Build.0 = Debug|Any CPU
		{229AA601-7769-4A81-85C4-9EB24CCF7428}.Debug|x86.ActiveCfg = Debug|Any CPU
		{229AA601-7769-4A81-85C4-9EB24CCF7428}.Debug|x86.Build.0 = Debug|Any CPU
		{229AA601-7769-4A81-85C4-9EB24CCF7428}.Release|Any CPU.ActiveCfg = Release|Any CPU
		{229AA601-7769-4A81-85C4-9EB24CCF7428}.Release|Any CPU.Build.0 = Release|Any CPU
		{229AA601-7769-4A81-85C4-9EB24CCF7428}.Release|ARM.ActiveCfg = Release|Any CPU
		{229AA601-7769-4A81-85C4-9EB24CCF7428}.Release|ARM.Build.0 = Release|Any CPU
		{229AA601-7769-4A81-85C4-9EB24CCF7428}.Release|ARM64.ActiveCfg = Release|Any CPU
		{229AA601-7769-4A81-85C4-9EB24CCF7428}.Release|ARM64.Build.0 = Release|Any CPU
		{229AA601-7769-4A81-85C4-9EB24CCF7428}.Release|x64.ActiveCfg = Release|Any CPU
		{229AA601-7769-4A81-85C4-9EB24CCF7428}.Release|x64.Build.0 = Release|Any CPU
		{229AA601-7769-4A81-85C4-9EB24CCF7428}.Release|x86.ActiveCfg = Release|Any CPU
		{229AA601-7769-4A81-85C4-9EB24CCF7428}.Release|x86.Build.0 = Release|Any CPU
		{C1261458-E720-406D-841D-0211D6F417EF}.Debug|Any CPU.ActiveCfg = Debug|Any CPU
		{C1261458-E720-406D-841D-0211D6F417EF}.Debug|Any CPU.Build.0 = Debug|Any CPU
		{C1261458-E720-406D-841D-0211D6F417EF}.Debug|ARM.ActiveCfg = Debug|Any CPU
		{C1261458-E720-406D-841D-0211D6F417EF}.Debug|ARM.Build.0 = Debug|Any CPU
		{C1261458-E720-406D-841D-0211D6F417EF}.Debug|ARM64.ActiveCfg = Debug|Any CPU
		{C1261458-E720-406D-841D-0211D6F417EF}.Debug|ARM64.Build.0 = Debug|Any CPU
		{C1261458-E720-406D-841D-0211D6F417EF}.Debug|x64.ActiveCfg = Debug|Any CPU
		{C1261458-E720-406D-841D-0211D6F417EF}.Debug|x64.Build.0 = Debug|Any CPU
		{C1261458-E720-406D-841D-0211D6F417EF}.Debug|x86.ActiveCfg = Debug|Any CPU
		{C1261458-E720-406D-841D-0211D6F417EF}.Debug|x86.Build.0 = Debug|Any CPU
		{C1261458-E720-406D-841D-0211D6F417EF}.Release|Any CPU.ActiveCfg = Release|Any CPU
		{C1261458-E720-406D-841D-0211D6F417EF}.Release|Any CPU.Build.0 = Release|Any CPU
		{C1261458-E720-406D-841D-0211D6F417EF}.Release|ARM.ActiveCfg = Release|Any CPU
		{C1261458-E720-406D-841D-0211D6F417EF}.Release|ARM.Build.0 = Release|Any CPU
		{C1261458-E720-406D-841D-0211D6F417EF}.Release|ARM64.ActiveCfg = Release|Any CPU
		{C1261458-E720-406D-841D-0211D6F417EF}.Release|ARM64.Build.0 = Release|Any CPU
		{C1261458-E720-406D-841D-0211D6F417EF}.Release|x64.ActiveCfg = Release|Any CPU
		{C1261458-E720-406D-841D-0211D6F417EF}.Release|x64.Build.0 = Release|Any CPU
		{C1261458-E720-406D-841D-0211D6F417EF}.Release|x86.ActiveCfg = Release|Any CPU
		{C1261458-E720-406D-841D-0211D6F417EF}.Release|x86.Build.0 = Release|Any CPU
		{DA874AF1-E64D-4EAA-8FD4-3EC46B537169}.Debug|Any CPU.ActiveCfg = Debug|Any CPU
		{DA874AF1-E64D-4EAA-8FD4-3EC46B537169}.Debug|Any CPU.Build.0 = Debug|Any CPU
		{DA874AF1-E64D-4EAA-8FD4-3EC46B537169}.Debug|ARM.ActiveCfg = Debug|Any CPU
		{DA874AF1-E64D-4EAA-8FD4-3EC46B537169}.Debug|ARM.Build.0 = Debug|Any CPU
		{DA874AF1-E64D-4EAA-8FD4-3EC46B537169}.Debug|ARM64.ActiveCfg = Debug|Any CPU
		{DA874AF1-E64D-4EAA-8FD4-3EC46B537169}.Debug|ARM64.Build.0 = Debug|Any CPU
		{DA874AF1-E64D-4EAA-8FD4-3EC46B537169}.Debug|x64.ActiveCfg = Debug|Any CPU
		{DA874AF1-E64D-4EAA-8FD4-3EC46B537169}.Debug|x64.Build.0 = Debug|Any CPU
		{DA874AF1-E64D-4EAA-8FD4-3EC46B537169}.Debug|x86.ActiveCfg = Debug|Any CPU
		{DA874AF1-E64D-4EAA-8FD4-3EC46B537169}.Debug|x86.Build.0 = Debug|Any CPU
		{DA874AF1-E64D-4EAA-8FD4-3EC46B537169}.Release|Any CPU.ActiveCfg = Release|Any CPU
		{DA874AF1-E64D-4EAA-8FD4-3EC46B537169}.Release|Any CPU.Build.0 = Release|Any CPU
		{DA874AF1-E64D-4EAA-8FD4-3EC46B537169}.Release|ARM.ActiveCfg = Release|Any CPU
		{DA874AF1-E64D-4EAA-8FD4-3EC46B537169}.Release|ARM.Build.0 = Release|Any CPU
		{DA874AF1-E64D-4EAA-8FD4-3EC46B537169}.Release|ARM64.ActiveCfg = Release|Any CPU
		{DA874AF1-E64D-4EAA-8FD4-3EC46B537169}.Release|ARM64.Build.0 = Release|Any CPU
		{DA874AF1-E64D-4EAA-8FD4-3EC46B537169}.Release|x64.ActiveCfg = Release|Any CPU
		{DA874AF1-E64D-4EAA-8FD4-3EC46B537169}.Release|x64.Build.0 = Release|Any CPU
		{DA874AF1-E64D-4EAA-8FD4-3EC46B537169}.Release|x86.ActiveCfg = Release|Any CPU
		{DA874AF1-E64D-4EAA-8FD4-3EC46B537169}.Release|x86.Build.0 = Release|Any CPU
		{59610BC6-C2D1-4CBD-AF69-9E7465A13AE2}.Debug|Any CPU.ActiveCfg = Debug|Any CPU
		{59610BC6-C2D1-4CBD-AF69-9E7465A13AE2}.Debug|Any CPU.Build.0 = Debug|Any CPU
		{59610BC6-C2D1-4CBD-AF69-9E7465A13AE2}.Debug|ARM.ActiveCfg = Debug|Any CPU
		{59610BC6-C2D1-4CBD-AF69-9E7465A13AE2}.Debug|ARM.Build.0 = Debug|Any CPU
		{59610BC6-C2D1-4CBD-AF69-9E7465A13AE2}.Debug|ARM64.ActiveCfg = Debug|Any CPU
		{59610BC6-C2D1-4CBD-AF69-9E7465A13AE2}.Debug|ARM64.Build.0 = Debug|Any CPU
		{59610BC6-C2D1-4CBD-AF69-9E7465A13AE2}.Debug|x64.ActiveCfg = Debug|Any CPU
		{59610BC6-C2D1-4CBD-AF69-9E7465A13AE2}.Debug|x64.Build.0 = Debug|Any CPU
		{59610BC6-C2D1-4CBD-AF69-9E7465A13AE2}.Debug|x86.ActiveCfg = Debug|Any CPU
		{59610BC6-C2D1-4CBD-AF69-9E7465A13AE2}.Debug|x86.Build.0 = Debug|Any CPU
		{59610BC6-C2D1-4CBD-AF69-9E7465A13AE2}.Release|Any CPU.ActiveCfg = Release|Any CPU
		{59610BC6-C2D1-4CBD-AF69-9E7465A13AE2}.Release|Any CPU.Build.0 = Release|Any CPU
		{59610BC6-C2D1-4CBD-AF69-9E7465A13AE2}.Release|ARM.ActiveCfg = Release|Any CPU
		{59610BC6-C2D1-4CBD-AF69-9E7465A13AE2}.Release|ARM.Build.0 = Release|Any CPU
		{59610BC6-C2D1-4CBD-AF69-9E7465A13AE2}.Release|ARM64.ActiveCfg = Release|Any CPU
		{59610BC6-C2D1-4CBD-AF69-9E7465A13AE2}.Release|ARM64.Build.0 = Release|Any CPU
		{59610BC6-C2D1-4CBD-AF69-9E7465A13AE2}.Release|x64.ActiveCfg = Release|Any CPU
		{59610BC6-C2D1-4CBD-AF69-9E7465A13AE2}.Release|x64.Build.0 = Release|Any CPU
		{59610BC6-C2D1-4CBD-AF69-9E7465A13AE2}.Release|x86.ActiveCfg = Release|Any CPU
		{59610BC6-C2D1-4CBD-AF69-9E7465A13AE2}.Release|x86.Build.0 = Release|Any CPU
		{10D6D632-EB89-46A7-A0E3-D57C939E9F86}.Debug|Any CPU.ActiveCfg = Debug|Any CPU
		{10D6D632-EB89-46A7-A0E3-D57C939E9F86}.Debug|Any CPU.Build.0 = Debug|Any CPU
		{10D6D632-EB89-46A7-A0E3-D57C939E9F86}.Debug|ARM.ActiveCfg = Debug|Any CPU
		{10D6D632-EB89-46A7-A0E3-D57C939E9F86}.Debug|ARM.Build.0 = Debug|Any CPU
		{10D6D632-EB89-46A7-A0E3-D57C939E9F86}.Debug|ARM64.ActiveCfg = Debug|Any CPU
		{10D6D632-EB89-46A7-A0E3-D57C939E9F86}.Debug|ARM64.Build.0 = Debug|Any CPU
		{10D6D632-EB89-46A7-A0E3-D57C939E9F86}.Debug|x64.ActiveCfg = Debug|Any CPU
		{10D6D632-EB89-46A7-A0E3-D57C939E9F86}.Debug|x64.Build.0 = Debug|Any CPU
		{10D6D632-EB89-46A7-A0E3-D57C939E9F86}.Debug|x86.ActiveCfg = Debug|Any CPU
		{10D6D632-EB89-46A7-A0E3-D57C939E9F86}.Debug|x86.Build.0 = Debug|Any CPU
		{10D6D632-EB89-46A7-A0E3-D57C939E9F86}.Release|Any CPU.ActiveCfg = Release|Any CPU
		{10D6D632-EB89-46A7-A0E3-D57C939E9F86}.Release|Any CPU.Build.0 = Release|Any CPU
		{10D6D632-EB89-46A7-A0E3-D57C939E9F86}.Release|ARM.ActiveCfg = Release|Any CPU
		{10D6D632-EB89-46A7-A0E3-D57C939E9F86}.Release|ARM.Build.0 = Release|Any CPU
		{10D6D632-EB89-46A7-A0E3-D57C939E9F86}.Release|ARM64.ActiveCfg = Release|Any CPU
		{10D6D632-EB89-46A7-A0E3-D57C939E9F86}.Release|ARM64.Build.0 = Release|Any CPU
		{10D6D632-EB89-46A7-A0E3-D57C939E9F86}.Release|x64.ActiveCfg = Release|Any CPU
		{10D6D632-EB89-46A7-A0E3-D57C939E9F86}.Release|x64.Build.0 = Release|Any CPU
		{10D6D632-EB89-46A7-A0E3-D57C939E9F86}.Release|x86.ActiveCfg = Release|Any CPU
		{10D6D632-EB89-46A7-A0E3-D57C939E9F86}.Release|x86.Build.0 = Release|Any CPU
		{B8553EA0-F0BC-45D9-ABF1-69D31EEA4861}.Debug|Any CPU.ActiveCfg = Debug|Any CPU
		{B8553EA0-F0BC-45D9-ABF1-69D31EEA4861}.Debug|Any CPU.Build.0 = Debug|Any CPU
		{B8553EA0-F0BC-45D9-ABF1-69D31EEA4861}.Debug|ARM.ActiveCfg = Debug|Any CPU
		{B8553EA0-F0BC-45D9-ABF1-69D31EEA4861}.Debug|ARM.Build.0 = Debug|Any CPU
		{B8553EA0-F0BC-45D9-ABF1-69D31EEA4861}.Debug|ARM64.ActiveCfg = Debug|Any CPU
		{B8553EA0-F0BC-45D9-ABF1-69D31EEA4861}.Debug|ARM64.Build.0 = Debug|Any CPU
		{B8553EA0-F0BC-45D9-ABF1-69D31EEA4861}.Debug|x64.ActiveCfg = Debug|Any CPU
		{B8553EA0-F0BC-45D9-ABF1-69D31EEA4861}.Debug|x64.Build.0 = Debug|Any CPU
		{B8553EA0-F0BC-45D9-ABF1-69D31EEA4861}.Debug|x86.ActiveCfg = Debug|Any CPU
		{B8553EA0-F0BC-45D9-ABF1-69D31EEA4861}.Debug|x86.Build.0 = Debug|Any CPU
		{B8553EA0-F0BC-45D9-ABF1-69D31EEA4861}.Release|Any CPU.ActiveCfg = Release|Any CPU
		{B8553EA0-F0BC-45D9-ABF1-69D31EEA4861}.Release|Any CPU.Build.0 = Release|Any CPU
		{B8553EA0-F0BC-45D9-ABF1-69D31EEA4861}.Release|ARM.ActiveCfg = Release|Any CPU
		{B8553EA0-F0BC-45D9-ABF1-69D31EEA4861}.Release|ARM.Build.0 = Release|Any CPU
		{B8553EA0-F0BC-45D9-ABF1-69D31EEA4861}.Release|ARM64.ActiveCfg = Release|Any CPU
		{B8553EA0-F0BC-45D9-ABF1-69D31EEA4861}.Release|ARM64.Build.0 = Release|Any CPU
		{B8553EA0-F0BC-45D9-ABF1-69D31EEA4861}.Release|x64.ActiveCfg = Release|Any CPU
		{B8553EA0-F0BC-45D9-ABF1-69D31EEA4861}.Release|x64.Build.0 = Release|Any CPU
		{B8553EA0-F0BC-45D9-ABF1-69D31EEA4861}.Release|x86.ActiveCfg = Release|Any CPU
		{B8553EA0-F0BC-45D9-ABF1-69D31EEA4861}.Release|x86.Build.0 = Release|Any CPU
		{755B3EA2-F7AA-4756-BB87-7F4E5CE6E91F}.Debug|Any CPU.ActiveCfg = Debug|x64
		{755B3EA2-F7AA-4756-BB87-7F4E5CE6E91F}.Debug|Any CPU.Build.0 = Debug|x64
		{755B3EA2-F7AA-4756-BB87-7F4E5CE6E91F}.Debug|Any CPU.Deploy.0 = Debug|x64
		{755B3EA2-F7AA-4756-BB87-7F4E5CE6E91F}.Debug|ARM.ActiveCfg = Debug|ARM
		{755B3EA2-F7AA-4756-BB87-7F4E5CE6E91F}.Debug|ARM.Build.0 = Debug|ARM
		{755B3EA2-F7AA-4756-BB87-7F4E5CE6E91F}.Debug|ARM.Deploy.0 = Debug|ARM
		{755B3EA2-F7AA-4756-BB87-7F4E5CE6E91F}.Debug|ARM64.ActiveCfg = Debug|ARM64
		{755B3EA2-F7AA-4756-BB87-7F4E5CE6E91F}.Debug|ARM64.Build.0 = Debug|ARM64
		{755B3EA2-F7AA-4756-BB87-7F4E5CE6E91F}.Debug|ARM64.Deploy.0 = Debug|ARM64
		{755B3EA2-F7AA-4756-BB87-7F4E5CE6E91F}.Debug|x64.ActiveCfg = Debug|x64
		{755B3EA2-F7AA-4756-BB87-7F4E5CE6E91F}.Debug|x64.Build.0 = Debug|x64
		{755B3EA2-F7AA-4756-BB87-7F4E5CE6E91F}.Debug|x64.Deploy.0 = Debug|x64
		{755B3EA2-F7AA-4756-BB87-7F4E5CE6E91F}.Debug|x86.ActiveCfg = Debug|x86
		{755B3EA2-F7AA-4756-BB87-7F4E5CE6E91F}.Debug|x86.Build.0 = Debug|x86
		{755B3EA2-F7AA-4756-BB87-7F4E5CE6E91F}.Debug|x86.Deploy.0 = Debug|x86
		{755B3EA2-F7AA-4756-BB87-7F4E5CE6E91F}.Release|Any CPU.ActiveCfg = Release|x64
		{755B3EA2-F7AA-4756-BB87-7F4E5CE6E91F}.Release|Any CPU.Build.0 = Release|x64
		{755B3EA2-F7AA-4756-BB87-7F4E5CE6E91F}.Release|Any CPU.Deploy.0 = Release|x64
		{755B3EA2-F7AA-4756-BB87-7F4E5CE6E91F}.Release|ARM.ActiveCfg = Release|ARM
		{755B3EA2-F7AA-4756-BB87-7F4E5CE6E91F}.Release|ARM.Build.0 = Release|ARM
		{755B3EA2-F7AA-4756-BB87-7F4E5CE6E91F}.Release|ARM.Deploy.0 = Release|ARM
		{755B3EA2-F7AA-4756-BB87-7F4E5CE6E91F}.Release|ARM64.ActiveCfg = Release|ARM64
		{755B3EA2-F7AA-4756-BB87-7F4E5CE6E91F}.Release|ARM64.Build.0 = Release|ARM64
		{755B3EA2-F7AA-4756-BB87-7F4E5CE6E91F}.Release|ARM64.Deploy.0 = Release|ARM64
		{755B3EA2-F7AA-4756-BB87-7F4E5CE6E91F}.Release|x64.ActiveCfg = Release|x64
		{755B3EA2-F7AA-4756-BB87-7F4E5CE6E91F}.Release|x64.Build.0 = Release|x64
		{755B3EA2-F7AA-4756-BB87-7F4E5CE6E91F}.Release|x64.Deploy.0 = Release|x64
		{755B3EA2-F7AA-4756-BB87-7F4E5CE6E91F}.Release|x86.ActiveCfg = Release|x86
		{755B3EA2-F7AA-4756-BB87-7F4E5CE6E91F}.Release|x86.Build.0 = Release|x86
		{755B3EA2-F7AA-4756-BB87-7F4E5CE6E91F}.Release|x86.Deploy.0 = Release|x86
		{00A91FB4-A5F7-47CC-B933-7E6DC8302265}.Debug|Any CPU.ActiveCfg = Debug|x64
		{00A91FB4-A5F7-47CC-B933-7E6DC8302265}.Debug|Any CPU.Build.0 = Debug|x64
		{00A91FB4-A5F7-47CC-B933-7E6DC8302265}.Debug|Any CPU.Deploy.0 = Debug|x64
		{00A91FB4-A5F7-47CC-B933-7E6DC8302265}.Debug|ARM.ActiveCfg = Debug|ARM
		{00A91FB4-A5F7-47CC-B933-7E6DC8302265}.Debug|ARM.Build.0 = Debug|ARM
		{00A91FB4-A5F7-47CC-B933-7E6DC8302265}.Debug|ARM.Deploy.0 = Debug|ARM
		{00A91FB4-A5F7-47CC-B933-7E6DC8302265}.Debug|ARM64.ActiveCfg = Debug|x64
		{00A91FB4-A5F7-47CC-B933-7E6DC8302265}.Debug|ARM64.Build.0 = Debug|x64
		{00A91FB4-A5F7-47CC-B933-7E6DC8302265}.Debug|ARM64.Deploy.0 = Debug|x64
		{00A91FB4-A5F7-47CC-B933-7E6DC8302265}.Debug|x64.ActiveCfg = Debug|x64
		{00A91FB4-A5F7-47CC-B933-7E6DC8302265}.Debug|x64.Build.0 = Debug|x64
		{00A91FB4-A5F7-47CC-B933-7E6DC8302265}.Debug|x64.Deploy.0 = Debug|x64
		{00A91FB4-A5F7-47CC-B933-7E6DC8302265}.Debug|x86.ActiveCfg = Debug|x86
		{00A91FB4-A5F7-47CC-B933-7E6DC8302265}.Debug|x86.Build.0 = Debug|x86
		{00A91FB4-A5F7-47CC-B933-7E6DC8302265}.Debug|x86.Deploy.0 = Debug|x86
		{00A91FB4-A5F7-47CC-B933-7E6DC8302265}.Release|Any CPU.ActiveCfg = Release|x64
		{00A91FB4-A5F7-47CC-B933-7E6DC8302265}.Release|Any CPU.Build.0 = Release|x64
		{00A91FB4-A5F7-47CC-B933-7E6DC8302265}.Release|Any CPU.Deploy.0 = Release|x64
		{00A91FB4-A5F7-47CC-B933-7E6DC8302265}.Release|ARM.ActiveCfg = Release|ARM
		{00A91FB4-A5F7-47CC-B933-7E6DC8302265}.Release|ARM.Build.0 = Release|ARM
		{00A91FB4-A5F7-47CC-B933-7E6DC8302265}.Release|ARM.Deploy.0 = Release|ARM
		{00A91FB4-A5F7-47CC-B933-7E6DC8302265}.Release|ARM64.ActiveCfg = Release|x64
		{00A91FB4-A5F7-47CC-B933-7E6DC8302265}.Release|ARM64.Build.0 = Release|x64
		{00A91FB4-A5F7-47CC-B933-7E6DC8302265}.Release|ARM64.Deploy.0 = Release|x64
		{00A91FB4-A5F7-47CC-B933-7E6DC8302265}.Release|x64.ActiveCfg = Release|x64
		{00A91FB4-A5F7-47CC-B933-7E6DC8302265}.Release|x64.Build.0 = Release|x64
		{00A91FB4-A5F7-47CC-B933-7E6DC8302265}.Release|x64.Deploy.0 = Release|x64
		{00A91FB4-A5F7-47CC-B933-7E6DC8302265}.Release|x86.ActiveCfg = Release|x86
		{00A91FB4-A5F7-47CC-B933-7E6DC8302265}.Release|x86.Build.0 = Release|x86
		{00A91FB4-A5F7-47CC-B933-7E6DC8302265}.Release|x86.Deploy.0 = Release|x86
		{44DC368A-110A-4E7F-A81C-39EF36B3286D}.Debug|Any CPU.ActiveCfg = Debug|Any CPU
		{44DC368A-110A-4E7F-A81C-39EF36B3286D}.Debug|Any CPU.Build.0 = Debug|Any CPU
		{44DC368A-110A-4E7F-A81C-39EF36B3286D}.Debug|ARM.ActiveCfg = Debug|Any CPU
		{44DC368A-110A-4E7F-A81C-39EF36B3286D}.Debug|ARM.Build.0 = Debug|Any CPU
		{44DC368A-110A-4E7F-A81C-39EF36B3286D}.Debug|ARM64.ActiveCfg = Debug|Any CPU
		{44DC368A-110A-4E7F-A81C-39EF36B3286D}.Debug|ARM64.Build.0 = Debug|Any CPU
		{44DC368A-110A-4E7F-A81C-39EF36B3286D}.Debug|x64.ActiveCfg = Debug|Any CPU
		{44DC368A-110A-4E7F-A81C-39EF36B3286D}.Debug|x64.Build.0 = Debug|Any CPU
		{44DC368A-110A-4E7F-A81C-39EF36B3286D}.Debug|x86.ActiveCfg = Debug|Any CPU
		{44DC368A-110A-4E7F-A81C-39EF36B3286D}.Debug|x86.Build.0 = Debug|Any CPU
		{44DC368A-110A-4E7F-A81C-39EF36B3286D}.Release|Any CPU.ActiveCfg = Release|Any CPU
		{44DC368A-110A-4E7F-A81C-39EF36B3286D}.Release|Any CPU.Build.0 = Release|Any CPU
		{44DC368A-110A-4E7F-A81C-39EF36B3286D}.Release|ARM.ActiveCfg = Release|Any CPU
		{44DC368A-110A-4E7F-A81C-39EF36B3286D}.Release|ARM.Build.0 = Release|Any CPU
		{44DC368A-110A-4E7F-A81C-39EF36B3286D}.Release|ARM64.ActiveCfg = Release|Any CPU
		{44DC368A-110A-4E7F-A81C-39EF36B3286D}.Release|ARM64.Build.0 = Release|Any CPU
		{44DC368A-110A-4E7F-A81C-39EF36B3286D}.Release|x64.ActiveCfg = Release|Any CPU
		{44DC368A-110A-4E7F-A81C-39EF36B3286D}.Release|x64.Build.0 = Release|Any CPU
		{44DC368A-110A-4E7F-A81C-39EF36B3286D}.Release|x86.ActiveCfg = Release|Any CPU
		{44DC368A-110A-4E7F-A81C-39EF36B3286D}.Release|x86.Build.0 = Release|Any CPU
		{DE1DCCC9-07FE-4041-9227-AA974200B303}.Debug|Any CPU.ActiveCfg = Debug|Any CPU
		{DE1DCCC9-07FE-4041-9227-AA974200B303}.Debug|Any CPU.Build.0 = Debug|Any CPU
		{DE1DCCC9-07FE-4041-9227-AA974200B303}.Debug|ARM.ActiveCfg = Debug|Any CPU
		{DE1DCCC9-07FE-4041-9227-AA974200B303}.Debug|ARM.Build.0 = Debug|Any CPU
		{DE1DCCC9-07FE-4041-9227-AA974200B303}.Debug|ARM64.ActiveCfg = Debug|Any CPU
		{DE1DCCC9-07FE-4041-9227-AA974200B303}.Debug|ARM64.Build.0 = Debug|Any CPU
		{DE1DCCC9-07FE-4041-9227-AA974200B303}.Debug|x64.ActiveCfg = Debug|Any CPU
		{DE1DCCC9-07FE-4041-9227-AA974200B303}.Debug|x64.Build.0 = Debug|Any CPU
		{DE1DCCC9-07FE-4041-9227-AA974200B303}.Debug|x86.ActiveCfg = Debug|Any CPU
		{DE1DCCC9-07FE-4041-9227-AA974200B303}.Debug|x86.Build.0 = Debug|Any CPU
		{DE1DCCC9-07FE-4041-9227-AA974200B303}.Release|Any CPU.ActiveCfg = Release|Any CPU
		{DE1DCCC9-07FE-4041-9227-AA974200B303}.Release|Any CPU.Build.0 = Release|Any CPU
		{DE1DCCC9-07FE-4041-9227-AA974200B303}.Release|ARM.ActiveCfg = Release|Any CPU
		{DE1DCCC9-07FE-4041-9227-AA974200B303}.Release|ARM.Build.0 = Release|Any CPU
		{DE1DCCC9-07FE-4041-9227-AA974200B303}.Release|ARM64.ActiveCfg = Release|Any CPU
		{DE1DCCC9-07FE-4041-9227-AA974200B303}.Release|ARM64.Build.0 = Release|Any CPU
		{DE1DCCC9-07FE-4041-9227-AA974200B303}.Release|x64.ActiveCfg = Release|Any CPU
		{DE1DCCC9-07FE-4041-9227-AA974200B303}.Release|x64.Build.0 = Release|Any CPU
		{DE1DCCC9-07FE-4041-9227-AA974200B303}.Release|x86.ActiveCfg = Release|Any CPU
		{DE1DCCC9-07FE-4041-9227-AA974200B303}.Release|x86.Build.0 = Release|Any CPU
		{3F76DCC5-F175-46D6-A936-F439BF6F8D7C}.Debug|Any CPU.ActiveCfg = Debug|Any CPU
		{3F76DCC5-F175-46D6-A936-F439BF6F8D7C}.Debug|Any CPU.Build.0 = Debug|Any CPU
		{3F76DCC5-F175-46D6-A936-F439BF6F8D7C}.Debug|ARM.ActiveCfg = Debug|Any CPU
		{3F76DCC5-F175-46D6-A936-F439BF6F8D7C}.Debug|ARM.Build.0 = Debug|Any CPU
		{3F76DCC5-F175-46D6-A936-F439BF6F8D7C}.Debug|ARM64.ActiveCfg = Debug|Any CPU
		{3F76DCC5-F175-46D6-A936-F439BF6F8D7C}.Debug|ARM64.Build.0 = Debug|Any CPU
		{3F76DCC5-F175-46D6-A936-F439BF6F8D7C}.Debug|x64.ActiveCfg = Debug|Any CPU
		{3F76DCC5-F175-46D6-A936-F439BF6F8D7C}.Debug|x64.Build.0 = Debug|Any CPU
		{3F76DCC5-F175-46D6-A936-F439BF6F8D7C}.Debug|x86.ActiveCfg = Debug|Any CPU
		{3F76DCC5-F175-46D6-A936-F439BF6F8D7C}.Debug|x86.Build.0 = Debug|Any CPU
		{3F76DCC5-F175-46D6-A936-F439BF6F8D7C}.Release|Any CPU.ActiveCfg = Release|Any CPU
		{3F76DCC5-F175-46D6-A936-F439BF6F8D7C}.Release|Any CPU.Build.0 = Release|Any CPU
		{3F76DCC5-F175-46D6-A936-F439BF6F8D7C}.Release|ARM.ActiveCfg = Release|Any CPU
		{3F76DCC5-F175-46D6-A936-F439BF6F8D7C}.Release|ARM.Build.0 = Release|Any CPU
		{3F76DCC5-F175-46D6-A936-F439BF6F8D7C}.Release|ARM64.ActiveCfg = Release|Any CPU
		{3F76DCC5-F175-46D6-A936-F439BF6F8D7C}.Release|ARM64.Build.0 = Release|Any CPU
		{3F76DCC5-F175-46D6-A936-F439BF6F8D7C}.Release|x64.ActiveCfg = Release|Any CPU
		{3F76DCC5-F175-46D6-A936-F439BF6F8D7C}.Release|x64.Build.0 = Release|Any CPU
		{3F76DCC5-F175-46D6-A936-F439BF6F8D7C}.Release|x86.ActiveCfg = Release|Any CPU
		{3F76DCC5-F175-46D6-A936-F439BF6F8D7C}.Release|x86.Build.0 = Release|Any CPU
		{770F3872-C3A2-4E5D-AAFB-C0379E1BF8BF}.Debug|Any CPU.ActiveCfg = Debug|Any CPU
		{770F3872-C3A2-4E5D-AAFB-C0379E1BF8BF}.Debug|Any CPU.Build.0 = Debug|Any CPU
		{770F3872-C3A2-4E5D-AAFB-C0379E1BF8BF}.Debug|ARM.ActiveCfg = Debug|Any CPU
		{770F3872-C3A2-4E5D-AAFB-C0379E1BF8BF}.Debug|ARM.Build.0 = Debug|Any CPU
		{770F3872-C3A2-4E5D-AAFB-C0379E1BF8BF}.Debug|ARM64.ActiveCfg = Debug|Any CPU
		{770F3872-C3A2-4E5D-AAFB-C0379E1BF8BF}.Debug|ARM64.Build.0 = Debug|Any CPU
		{770F3872-C3A2-4E5D-AAFB-C0379E1BF8BF}.Debug|x64.ActiveCfg = Debug|Any CPU
		{770F3872-C3A2-4E5D-AAFB-C0379E1BF8BF}.Debug|x64.Build.0 = Debug|Any CPU
		{770F3872-C3A2-4E5D-AAFB-C0379E1BF8BF}.Debug|x86.ActiveCfg = Debug|Any CPU
		{770F3872-C3A2-4E5D-AAFB-C0379E1BF8BF}.Debug|x86.Build.0 = Debug|Any CPU
		{770F3872-C3A2-4E5D-AAFB-C0379E1BF8BF}.Release|Any CPU.ActiveCfg = Release|Any CPU
		{770F3872-C3A2-4E5D-AAFB-C0379E1BF8BF}.Release|Any CPU.Build.0 = Release|Any CPU
		{770F3872-C3A2-4E5D-AAFB-C0379E1BF8BF}.Release|ARM.ActiveCfg = Release|Any CPU
		{770F3872-C3A2-4E5D-AAFB-C0379E1BF8BF}.Release|ARM.Build.0 = Release|Any CPU
		{770F3872-C3A2-4E5D-AAFB-C0379E1BF8BF}.Release|ARM64.ActiveCfg = Release|Any CPU
		{770F3872-C3A2-4E5D-AAFB-C0379E1BF8BF}.Release|ARM64.Build.0 = Release|Any CPU
		{770F3872-C3A2-4E5D-AAFB-C0379E1BF8BF}.Release|x64.ActiveCfg = Release|Any CPU
		{770F3872-C3A2-4E5D-AAFB-C0379E1BF8BF}.Release|x64.Build.0 = Release|Any CPU
		{770F3872-C3A2-4E5D-AAFB-C0379E1BF8BF}.Release|x86.ActiveCfg = Release|Any CPU
		{770F3872-C3A2-4E5D-AAFB-C0379E1BF8BF}.Release|x86.Build.0 = Release|Any CPU
	EndGlobalSection
	GlobalSection(SolutionProperties) = preSolution
		HideSolutionNode = FALSE
	EndGlobalSection
	GlobalSection(NestedProjects) = preSolution
		{B5BDDA10-9A94-44A0-A13B-D374B556092A} = {59D59583-FCFF-4FA9-9226-8B606B28C89B}
		{229AA601-7769-4A81-85C4-9EB24CCF7428} = {FEC4584F-16BF-44AE-B4AE-96246985810C}
		{C1261458-E720-406D-841D-0211D6F417EF} = {FEC4584F-16BF-44AE-B4AE-96246985810C}
		{DA874AF1-E64D-4EAA-8FD4-3EC46B537169} = {FEC4584F-16BF-44AE-B4AE-96246985810C}
		{59610BC6-C2D1-4CBD-AF69-9E7465A13AE2} = {59D59583-FCFF-4FA9-9226-8B606B28C89B}
		{10D6D632-EB89-46A7-A0E3-D57C939E9F86} = {B5BDDA10-9A94-44A0-A13B-D374B556092A}
		{B8553EA0-F0BC-45D9-ABF1-69D31EEA4861} = {B5BDDA10-9A94-44A0-A13B-D374B556092A}
		{42524CDE-3659-4A75-A8ED-75B33A1634AC} = {BD7F9F1B-F088-4C03-A79C-162FB32D797D}
		{F406F55A-36E1-4E25-9A3F-9CC6358F0625} = {59D59583-FCFF-4FA9-9226-8B606B28C89B}
		{755B3EA2-F7AA-4756-BB87-7F4E5CE6E91F} = {F406F55A-36E1-4E25-9A3F-9CC6358F0625}
		{00A91FB4-A5F7-47CC-B933-7E6DC8302265} = {F406F55A-36E1-4E25-9A3F-9CC6358F0625}
		{44DC368A-110A-4E7F-A81C-39EF36B3286D} = {3C331CB3-DA12-4E78-9280-38F872ED64C2}
		{39EE7720-EBAA-46D4-8379-BC32ECC069E1} = {274E17F3-87FE-49C7-BB25-E577CF0E76AC}
		{DE1DCCC9-07FE-4041-9227-AA974200B303} = {39EE7720-EBAA-46D4-8379-BC32ECC069E1}
		{3F76DCC5-F175-46D6-A936-F439BF6F8D7C} = {3C331CB3-DA12-4E78-9280-38F872ED64C2}
		{770F3872-C3A2-4E5D-AAFB-C0379E1BF8BF} = {3C331CB3-DA12-4E78-9280-38F872ED64C2}
	EndGlobalSection
	GlobalSection(ExtensibilityGlobals) = postSolution
		SolutionGuid = {B3CABACB-F99A-4AE3-8EDE-95035D8156F0}
	EndGlobalSection
EndGlobal
